
Microsoft Visual Studio Solution File, Format Version 12.00
# Visual Studio Version 17
VisualStudioVersion = 17.13.35931.197 d17.13
MinimumVisualStudioVersion = 10.0.40219.1
Project("{FAE04EC0-301F-11D3-BF4B-00C04F79EFBC}") = "projectOne", "projectOne\projectOne.csproj", "{F3168421-ECC5-4CA2-B06F-219A67DA99D8}"
EndProject
Global
	GlobalSection(SolutionConfigurationPlatforms) = preSolution
		Debug|Any CPU = Debug|Any CPU
		Release|Any CPU = Release|Any CPU
	EndGlobalSection
	GlobalSection(ProjectConfigurationPlatforms) = postSolution
		{F3168421-ECC5-4CA2-B06F-219A67DA99D8}.Debug|Any CPU.ActiveCfg = Debug|Any CPU
		{F3168421-ECC5-4CA2-B06F-219A67DA99D8}.Debug|Any CPU.Build.0 = Debug|Any CPU
		{F3168421-ECC5-4CA2-B06F-219A67DA99D8}.Release|Any CPU.ActiveCfg = Release|Any CPU
		{F3168421-ECC5-4CA2-B06F-219A67DA99D8}.Release|Any CPU.Build.0 = Release|Any CPU
	EndGlobalSection
	GlobalSection(SolutionProperties) = preSolution
		HideSolutionNode = FALSE
	EndGlobalSection
	GlobalSection(ExtensibilityGlobals) = postSolution
		SolutionGuid = {A7BDE694-393F-4844-AC52-8E55587A312A}
	EndGlobalSection
EndGlobal
